
Microsoft Visual Studio Solution File, Format Version 12.00
# Visual Studio 15
VisualStudioVersion = 15.0.26730.15
MinimumVisualStudioVersion = 10.0.40219.1
Project("{FAE04EC0-301F-11D3-BF4B-00C04F79EFBC}") = "BarRestaurant", "BarRestaurant\BarRestaurant.csproj", "{01498321-3DD9-4085-AE7A-E1B8E934EDF3}"
EndProject
Global
	GlobalSection(SolutionConfigurationPlatforms) = preSolution
		Debug|Any CPU = Debug|Any CPU
		Release|Any CPU = Release|Any CPU
	EndGlobalSection
	GlobalSection(ProjectConfigurationPlatforms) = postSolution
		{01498321-3DD9-4085-AE7A-E1B8E934EDF3}.Debug|Any CPU.ActiveCfg = Debug|Any CPU
		{01498321-3DD9-4085-AE7A-E1B8E934EDF3}.Debug|Any CPU.Build.0 = Debug|Any CPU
		{01498321-3DD9-4085-AE7A-E1B8E934EDF3}.Release|Any CPU.ActiveCfg = Release|Any CPU
		{01498321-3DD9-4085-AE7A-E1B8E934EDF3}.Release|Any CPU.Build.0 = Release|Any CPU
	EndGlobalSection
	GlobalSection(SolutionProperties) = preSolution
		HideSolutionNode = FALSE
	EndGlobalSection
	GlobalSection(ExtensibilityGlobals) = postSolution
		SolutionGuid = {D097779B-A6B2-411D-BEB0-C46299D0CD4A}
	EndGlobalSection
EndGlobal
